
Microsoft Visual Studio Solution File, Format Version 12.00
# Visual Studio Version 16
VisualStudioVersion = 16.0.31112.23
MinimumVisualStudioVersion = 10.0.40219.1
Project("{FAE04EC0-301F-11D3-BF4B-00C04F79EFBC}") = "171307021_SeyitBıyıklı_YazLab", "yazilim_gelistirme_lab_odev\171307021_SeyitBıyıklı_YazLab.csproj", "{4DA8FFFA-2FAC-4C90-8C20-0EDECC79FC06}"
EndProject
Global
	GlobalSection(SolutionConfigurationPlatforms) = preSolution
		Debug|Any CPU = Debug|Any CPU
		Release|Any CPU = Release|Any CPU
	EndGlobalSection
	GlobalSection(ProjectConfigurationPlatforms) = postSolution
		{4DA8FFFA-2FAC-4C90-8C20-0EDECC79FC06}.Debug|Any CPU.ActiveCfg = Debug|Any CPU
		{4DA8FFFA-2FAC-4C90-8C20-0EDECC79FC06}.Debug|Any CPU.Build.0 = Debug|Any CPU
		{4DA8FFFA-2FAC-4C90-8C20-0EDECC79FC06}.Release|Any CPU.ActiveCfg = Release|Any CPU
		{4DA8FFFA-2FAC-4C90-8C20-0EDECC79FC06}.Release|Any CPU.Build.0 = Release|Any CPU
	EndGlobalSection
	GlobalSection(SolutionProperties) = preSolution
		HideSolutionNode = FALSE
	EndGlobalSection
	GlobalSection(ExtensibilityGlobals) = postSolution
		SolutionGuid = {A2DA17D2-260C-46F2-8599-5CE1780232FD}
	EndGlobalSection
EndGlobal
